Microsoft Visual Studio Solution File, Format Version 12.00
# Visual Studio 15
VisualStudioVersion = 15.0.27130.2026
MinimumVisualStudioVersion = 10.0.40219.1
Project("{2150E333-8FDC-42A3-9474-1A3956D46DE8}") = "Solution Items", "Solution Items", "{4A5A60DD-41B6-40BF-B677-227A921ECCC8}"
	ProjectSection(SolutionItems) = preProject
		Npgsql.snk = Npgsql.snk
	EndProjectSection
EndProject
Project("{2150E333-8FDC-42A3-9474-1A3956D46DE8}") = "src", "src", "{8537E50E-CF7F-49CB-B4EF-3E2A1B11F050}"
EndProject
Project("{2150E333-8FDC-42A3-9474-1A3956D46DE8}") = "test", "test", "{ED612DB1-AB32-4603-95E7-891BACA71C39}"
EndProject
Project("{9A19103F-16F7-4668-BE54-9A1E7A4F7556}") = "EFCore.PG", "src\EFCore.PG\EFCore.PG.csproj", "{FADDA2D1-03B4-4DEF-8D24-DD1CA4E81F4A}"
EndProject
Project("{9A19103F-16F7-4668-BE54-9A1E7A4F7556}") = "EFCore.PG.Tests", "test\EFCore.PG.Tests\EFCore.PG.Tests.csproj", "{E1D99AD4-D88B-42BA-86DF-90B98B2E9A01}"
EndProject
Project("{9A19103F-16F7-4668-BE54-9A1E7A4F7556}") = "EFCore.PG.FunctionalTests", "test\EFCore.PG.FunctionalTests\EFCore.PG.FunctionalTests.csproj", "{05A7D0B7-4AE1-4BC8-A1BE-2389F1593B2D}"
EndProject
Project("{9A19103F-16F7-4668-BE54-9A1E7A4F7556}") = "EFCore.PG.Plugins.FunctionalTests", "test\EFCore.PG.Plugins.FunctionalTests\EFCore.PG.Plugins.FunctionalTests.csproj", "{B78A7825-BE72-4509-B0AD-01EEC67A9624}"
EndProject
Project("{9A19103F-16F7-4668-BE54-9A1E7A4F7556}") = "EFCore.PG.NodaTime", "src\EFCore.PG.NodaTime\EFCore.PG.NodaTime.csproj", "{77F0608F-6D0C-481C-9108-D5176E2EAD69}"
EndProject
Project("{FAE04EC0-301F-11D3-BF4B-00C04F79EFBC}") = "EFCore.PG.NTS", "src\EFCore.PG.NTS\EFCore.PG.NTS.csproj", "{D7106D61-C7CA-4005-B31F-43281BB397AD}"
EndProject
Project("{2150E333-8FDC-42A3-9474-1A3956D46DE8}") = "EF", "EF", "{E9798C0D-9272-4906-BAA2-3BEC26305F10}"
EndProject
Project("{FAE04EC0-301F-11D3-BF4B-00C04F79EFBC}") = "EFCore", "..\EFCore\src\EFCore\EFCore.csproj", "{696E21B6-11C3-4827-B58B-A6750D64C260}"
EndProject
Project("{FAE04EC0-301F-11D3-BF4B-00C04F79EFBC}") = "EFCore.Abstractions", "..\EFCore\src\EFCore.Abstractions\EFCore.Abstractions.csproj", "{3EF48667-5B03-4E54-9E50-068BCB8B94F9}"
EndProject
Project("{FAE04EC0-301F-11D3-BF4B-00C04F79EFBC}") = "EFCore.Analyzers", "..\EFCore\src\EFCore.Analyzers\EFCore.Analyzers.csproj", "{B2820E88-59F3-4428-A434-9142DDDF9025}"
EndProject
Project("{FAE04EC0-301F-11D3-BF4B-00C04F79EFBC}") = "EFCore.Relational", "..\EFCore\src\EFCore.Relational\EFCore.Relational.csproj", "{978B9A5A-D85F-4697-BD52-BCCAE407C8D3}"
EndProject
Project("{FAE04EC0-301F-11D3-BF4B-00C04F79EFBC}") = "EFCore.SqlServer", "..\EFCore\src\EFCore.SqlServer\EFCore.SqlServer.csproj", "{01186F92-116A-41CA-8C68-AF4EC72A3481}"
EndProject
Project("{FAE04EC0-301F-11D3-BF4B-00C04F79EFBC}") = "EFCore.Design", "..\EFCore\src\EFCore.Design\EFCore.Design.csproj", "{6E47446A-092E-430D-9C78-BC66725BC989}"
EndProject
Project("{2150E333-8FDC-42A3-9474-1A3956D46DE8}") = "EFTest", "EFTest", "{305ABA0D-802D-459A-AF09-E774BFAE8F7B}"
EndProject
Project("{FAE04EC0-301F-11D3-BF4B-00C04F79EFBC}") = "EFCore.Relational.Specification.Tests", "..\EFCore\test\EFCore.Relational.Specification.Tests\EFCore.Relational.Specification.Tests.csproj", "{D7641D30-E511-4971-B689-0358CD663C5E}"
EndProject
Project("{FAE04EC0-301F-11D3-BF4B-00C04F79EFBC}") = "EFCore.Specification.Tests", "..\EFCore\test\EFCore.Specification.Tests\EFCore.Specification.Tests.csproj", "{E2DCD879-5005-4BE9-A9E5-190342EE51FE}"
EndProject
Global
	GlobalSection(SolutionConfigurationPlatforms) = preSolution
		Debug|Any CPU = Debug|Any CPU
		Debug|x64 = Debug|x64
		Debug|x86 = Debug|x86
		Release|Any CPU = Release|Any CPU
		Release|x64 = Release|x64
		Release|x86 = Release|x86
	EndGlobalSection
	GlobalSection(ProjectConfigurationPlatforms) = postSolution
		{FADDA2D1-03B4-4DEF-8D24-DD1CA4E81F4A}.Debug|Any CPU.ActiveCfg = Debug|Any CPU
		{FADDA2D1-03B4-4DEF-8D24-DD1CA4E81F4A}.Debug|Any CPU.Build.0 = Debug|Any CPU
		{FADDA2D1-03B4-4DEF-8D24-DD1CA4E81F4A}.Debug|x64.ActiveCfg = Debug|Any CPU
		{FADDA2D1-03B4-4DEF-8D24-DD1CA4E81F4A}.Debug|x86.ActiveCfg = Debug|Any CPU
		{FADDA2D1-03B4-4DEF-8D24-DD1CA4E81F4A}.Release|Any CPU.ActiveCfg = Release|Any CPU
		{FADDA2D1-03B4-4DEF-8D24-DD1CA4E81F4A}.Release|Any CPU.Build.0 = Release|Any CPU
		{FADDA2D1-03B4-4DEF-8D24-DD1CA4E81F4A}.Release|x64.ActiveCfg = Release|Any CPU
		{FADDA2D1-03B4-4DEF-8D24-DD1CA4E81F4A}.Release|x86.ActiveCfg = Release|Any CPU
		{E1D99AD4-D88B-42BA-86DF-90B98B2E9A01}.Debug|Any CPU.ActiveCfg = Debug|Any CPU
		{E1D99AD4-D88B-42BA-86DF-90B98B2E9A01}.Debug|Any CPU.Build.0 = Debug|Any CPU
		{E1D99AD4-D88B-42BA-86DF-90B98B2E9A01}.Debug|x64.ActiveCfg = Debug|Any CPU
		{E1D99AD4-D88B-42BA-86DF-90B98B2E9A01}.Debug|x86.ActiveCfg = Debug|Any CPU
		{E1D99AD4-D88B-42BA-86DF-90B98B2E9A01}.Release|Any CPU.ActiveCfg = Release|Any CPU
		{E1D99AD4-D88B-42BA-86DF-90B98B2E9A01}.Release|Any CPU.Build.0 = Release|Any CPU
		{E1D99AD4-D88B-42BA-86DF-90B98B2E9A01}.Release|x64.ActiveCfg = Release|Any CPU
		{E1D99AD4-D88B-42BA-86DF-90B98B2E9A01}.Release|x86.ActiveCfg = Release|Any CPU
		{05A7D0B7-4AE1-4BC8-A1BE-2389F1593B2D}.Debug|Any CPU.ActiveCfg = Debug|Any CPU
		{05A7D0B7-4AE1-4BC8-A1BE-2389F1593B2D}.Debug|Any CPU.Build.0 = Debug|Any CPU
		{05A7D0B7-4AE1-4BC8-A1BE-2389F1593B2D}.Debug|x64.ActiveCfg = Debug|Any CPU
		{05A7D0B7-4AE1-4BC8-A1BE-2389F1593B2D}.Debug|x86.ActiveCfg = Debug|Any CPU
		{05A7D0B7-4AE1-4BC8-A1BE-2389F1593B2D}.Release|Any CPU.ActiveCfg = Release|Any CPU
		{05A7D0B7-4AE1-4BC8-A1BE-2389F1593B2D}.Release|Any CPU.Build.0 = Release|Any CPU
		{05A7D0B7-4AE1-4BC8-A1BE-2389F1593B2D}.Release|x64.ActiveCfg = Release|Any CPU
		{05A7D0B7-4AE1-4BC8-A1BE-2389F1593B2D}.Release|x86.ActiveCfg = Release|Any CPU
		{B78A7825-BE72-4509-B0AD-01EEC67A9624}.Debug|Any CPU.ActiveCfg = Debug|Any CPU
		{B78A7825-BE72-4509-B0AD-01EEC67A9624}.Debug|Any CPU.Build.0 = Debug|Any CPU
		{B78A7825-BE72-4509-B0AD-01EEC67A9624}.Debug|x64.ActiveCfg = Debug|Any CPU
		{B78A7825-BE72-4509-B0AD-01EEC67A9624}.Debug|x64.Build.0 = Debug|Any CPU
		{B78A7825-BE72-4509-B0AD-01EEC67A9624}.Debug|x86.ActiveCfg = Debug|Any CPU
		{B78A7825-BE72-4509-B0AD-01EEC67A9624}.Debug|x86.Build.0 = Debug|Any CPU
		{B78A7825-BE72-4509-B0AD-01EEC67A9624}.Release|Any CPU.ActiveCfg = Release|Any CPU
		{B78A7825-BE72-4509-B0AD-01EEC67A9624}.Release|Any CPU.Build.0 = Release|Any CPU
		{B78A7825-BE72-4509-B0AD-01EEC67A9624}.Release|x64.ActiveCfg = Release|Any CPU
		{B78A7825-BE72-4509-B0AD-01EEC67A9624}.Release|x64.Build.0 = Release|Any CPU
		{B78A7825-BE72-4509-B0AD-01EEC67A9624}.Release|x86.ActiveCfg = Release|Any CPU
		{B78A7825-BE72-4509-B0AD-01EEC67A9624}.Release|x86.Build.0 = Release|Any CPU
		{77F0608F-6D0C-481C-9108-D5176E2EAD69}.Debug|Any CPU.ActiveCfg = Debug|Any CPU
		{77F0608F-6D0C-481C-9108-D5176E2EAD69}.Debug|Any CPU.Build.0 = Debug|Any CPU
		{77F0608F-6D0C-481C-9108-D5176E2EAD69}.Debug|x64.ActiveCfg = Debug|Any CPU
		{77F0608F-6D0C-481C-9108-D5176E2EAD69}.Debug|x64.Build.0 = Debug|Any CPU
		{77F0608F-6D0C-481C-9108-D5176E2EAD69}.Debug|x86.ActiveCfg = Debug|Any CPU
		{77F0608F-6D0C-481C-9108-D5176E2EAD69}.Debug|x86.Build.0 = Debug|Any CPU
		{77F0608F-6D0C-481C-9108-D5176E2EAD69}.Release|Any CPU.ActiveCfg = Release|Any CPU
		{77F0608F-6D0C-481C-9108-D5176E2EAD69}.Release|Any CPU.Build.0 = Release|Any CPU
		{77F0608F-6D0C-481C-9108-D5176E2EAD69}.Release|x64.ActiveCfg = Release|Any CPU
		{77F0608F-6D0C-481C-9108-D5176E2EAD69}.Release|x64.Build.0 = Release|Any CPU
		{77F0608F-6D0C-481C-9108-D5176E2EAD69}.Release|x86.ActiveCfg = Release|Any CPU
		{77F0608F-6D0C-481C-9108-D5176E2EAD69}.Release|x86.Build.0 = Release|Any CPU
		{D7106D61-C7CA-4005-B31F-43281BB397AD}.Debug|Any CPU.ActiveCfg = Debug|Any CPU
		{D7106D61-C7CA-4005-B31F-43281BB397AD}.Debug|Any CPU.Build.0 = Debug|Any CPU
		{D7106D61-C7CA-4005-B31F-43281BB397AD}.Debug|x64.ActiveCfg = Debug|Any CPU
		{D7106D61-C7CA-4005-B31F-43281BB397AD}.Debug|x64.Build.0 = Debug|Any CPU
		{D7106D61-C7CA-4005-B31F-43281BB397AD}.Debug|x86.ActiveCfg = Debug|Any CPU
		{D7106D61-C7CA-4005-B31F-43281BB397AD}.Debug|x86.Build.0 = Debug|Any CPU
		{D7106D61-C7CA-4005-B31F-43281BB397AD}.Release|Any CPU.ActiveCfg = Release|Any CPU
		{D7106D61-C7CA-4005-B31F-43281BB397AD}.Release|Any CPU.Build.0 = Release|Any CPU
		{D7106D61-C7CA-4005-B31F-43281BB397AD}.Release|x64.ActiveCfg = Release|Any CPU
		{D7106D61-C7CA-4005-B31F-43281BB397AD}.Release|x64.Build.0 = Release|Any CPU
		{D7106D61-C7CA-4005-B31F-43281BB397AD}.Release|x86.ActiveCfg = Release|Any CPU
		{D7106D61-C7CA-4005-B31F-43281BB397AD}.Release|x86.Build.0 = Release|Any CPU
		{696E21B6-11C3-4827-B58B-A6750D64C260}.Debug|Any CPU.ActiveCfg = Debug|Any CPU
		{696E21B6-11C3-4827-B58B-A6750D64C260}.Debug|Any CPU.Build.0 = Debug|Any CPU
		{696E21B6-11C3-4827-B58B-A6750D64C260}.Debug|x64.ActiveCfg = Debug|Any CPU
		{696E21B6-11C3-4827-B58B-A6750D64C260}.Debug|x64.Build.0 = Debug|Any CPU
		{696E21B6-11C3-4827-B58B-A6750D64C260}.Debug|x86.ActiveCfg = Debug|Any CPU
		{696E21B6-11C3-4827-B58B-A6750D64C260}.Debug|x86.Build.0 = Debug|Any CPU
		{696E21B6-11C3-4827-B58B-A6750D64C260}.Release|Any CPU.ActiveCfg = Release|Any CPU
		{696E21B6-11C3-4827-B58B-A6750D64C260}.Release|Any CPU.Build.0 = Release|Any CPU
		{696E21B6-11C3-4827-B58B-A6750D64C260}.Release|x64.ActiveCfg = Release|Any CPU
		{696E21B6-11C3-4827-B58B-A6750D64C260}.Release|x64.Build.0 = Release|Any CPU
		{696E21B6-11C3-4827-B58B-A6750D64C260}.Release|x86.ActiveCfg = Release|Any CPU
		{696E21B6-11C3-4827-B58B-A6750D64C260}.Release|x86.Build.0 = Release|Any CPU
		{3EF48667-5B03-4E54-9E50-068BCB8B94F9}.Debug|Any CPU.ActiveCfg = Debug|Any CPU
		{3EF48667-5B03-4E54-9E50-068BCB8B94F9}.Debug|Any CPU.Build.0 = Debug|Any CPU
		{3EF48667-5B03-4E54-9E50-068BCB8B94F9}.Debug|x64.ActiveCfg = Debug|Any CPU
		{3EF48667-5B03-4E54-9E50-068BCB8B94F9}.Debug|x64.Build.0 = Debug|Any CPU
		{3EF48667-5B03-4E54-9E50-068BCB8B94F9}.Debug|x86.ActiveCfg = Debug|Any CPU
		{3EF48667-5B03-4E54-9E50-068BCB8B94F9}.Debug|x86.Build.0 = Debug|Any CPU
		{3EF48667-5B03-4E54-9E50-068BCB8B94F9}.Release|Any CPU.ActiveCfg = Release|Any CPU
		{3EF48667-5B03-4E54-9E50-068BCB8B94F9}.Release|Any CPU.Build.0 = Release|Any CPU
		{3EF48667-5B03-4E54-9E50-068BCB8B94F9}.Release|x64.ActiveCfg = Release|Any CPU
		{3EF48667-5B03-4E54-9E50-068BCB8B94F9}.Release|x64.Build.0 = Release|Any CPU
		{3EF48667-5B03-4E54-9E50-068BCB8B94F9}.Release|x86.ActiveCfg = Release|Any CPU
		{3EF48667-5B03-4E54-9E50-068BCB8B94F9}.Release|x86.Build.0 = Release|Any CPU
		{B2820E88-59F3-4428-A434-9142DDDF9025}.Debug|Any CPU.ActiveCfg = Debug|Any CPU
		{B2820E88-59F3-4428-A434-9142DDDF9025}.Debug|Any CPU.Build.0 = Debug|Any CPU
		{B2820E88-59F3-4428-A434-9142DDDF9025}.Debug|x64.ActiveCfg = Debug|Any CPU
		{B2820E88-59F3-4428-A434-9142DDDF9025}.Debug|x64.Build.0 = Debug|Any CPU
		{B2820E88-59F3-4428-A434-9142DDDF9025}.Debug|x86.ActiveCfg = Debug|Any CPU
		{B2820E88-59F3-4428-A434-9142DDDF9025}.Debug|x86.Build.0 = Debug|Any CPU
		{B2820E88-59F3-4428-A434-9142DDDF9025}.Release|Any CPU.ActiveCfg = Release|Any CPU
		{B2820E88-59F3-4428-A434-9142DDDF9025}.Release|Any CPU.Build.0 = Release|Any CPU
		{B2820E88-59F3-4428-A434-9142DDDF9025}.Release|x64.ActiveCfg = Release|Any CPU
		{B2820E88-59F3-4428-A434-9142DDDF9025}.Release|x64.Build.0 = Release|Any CPU
		{B2820E88-59F3-4428-A434-9142DDDF9025}.Release|x86.ActiveCfg = Release|Any CPU
		{B2820E88-59F3-4428-A434-9142DDDF9025}.Release|x86.Build.0 = Release|Any CPU
		{978B9A5A-D85F-4697-BD52-BCCAE407C8D3}.Debug|Any CPU.ActiveCfg = Debug|Any CPU
		{978B9A5A-D85F-4697-BD52-BCCAE407C8D3}.Debug|Any CPU.Build.0 = Debug|Any CPU
		{978B9A5A-D85F-4697-BD52-BCCAE407C8D3}.Debug|x64.ActiveCfg = Debug|Any CPU
		{978B9A5A-D85F-4697-BD52-BCCAE407C8D3}.Debug|x64.Build.0 = Debug|Any CPU
		{978B9A5A-D85F-4697-BD52-BCCAE407C8D3}.Debug|x86.ActiveCfg = Debug|Any CPU
		{978B9A5A-D85F-4697-BD52-BCCAE407C8D3}.Debug|x86.Build.0 = Debug|Any CPU
		{978B9A5A-D85F-4697-BD52-BCCAE407C8D3}.Release|Any CPU.ActiveCfg = Release|Any CPU
		{978B9A5A-D85F-4697-BD52-BCCAE407C8D3}.Release|Any CPU.Build.0 = Release|Any CPU
		{978B9A5A-D85F-4697-BD52-BCCAE407C8D3}.Release|x64.ActiveCfg = Release|Any CPU
		{978B9A5A-D85F-4697-BD52-BCCAE407C8D3}.Release|x64.Build.0 = Release|Any CPU
		{978B9A5A-D85F-4697-BD52-BCCAE407C8D3}.Release|x86.ActiveCfg = Release|Any CPU
		{978B9A5A-D85F-4697-BD52-BCCAE407C8D3}.Release|x86.Build.0 = Release|Any CPU
		{01186F92-116A-41CA-8C68-AF4EC72A3481}.Debug|Any CPU.ActiveCfg = Debug|Any CPU
		{01186F92-116A-41CA-8C68-AF4EC72A3481}.Debug|Any CPU.Build.0 = Debug|Any CPU
		{01186F92-116A-41CA-8C68-AF4EC72A3481}.Debug|x64.ActiveCfg = Debug|Any CPU
		{01186F92-116A-41CA-8C68-AF4EC72A3481}.Debug|x64.Build.0 = Debug|Any CPU
		{01186F92-116A-41CA-8C68-AF4EC72A3481}.Debug|x86.ActiveCfg = Debug|Any CPU
		{01186F92-116A-41CA-8C68-AF4EC72A3481}.Debug|x86.Build.0 = Debug|Any CPU
		{01186F92-116A-41CA-8C68-AF4EC72A3481}.Release|Any CPU.ActiveCfg = Release|Any CPU
		{01186F92-116A-41CA-8C68-AF4EC72A3481}.Release|Any CPU.Build.0 = Release|Any CPU
		{01186F92-116A-41CA-8C68-AF4EC72A3481}.Release|x64.ActiveCfg = Release|Any CPU
		{01186F92-116A-41CA-8C68-AF4EC72A3481}.Release|x64.Build.0 = Release|Any CPU
		{01186F92-116A-41CA-8C68-AF4EC72A3481}.Release|x86.ActiveCfg = Release|Any CPU
		{01186F92-116A-41CA-8C68-AF4EC72A3481}.Release|x86.Build.0 = Release|Any CPU
		{6E47446A-092E-430D-9C78-BC66725BC989}.Debug|Any CPU.ActiveCfg = Debug|Any CPU
		{6E47446A-092E-430D-9C78-BC66725BC989}.Debug|Any CPU.Build.0 = Debug|Any CPU
		{6E47446A-092E-430D-9C78-BC66725BC989}.Debug|x64.ActiveCfg = Debug|Any CPU
		{6E47446A-092E-430D-9C78-BC66725BC989}.Debug|x64.Build.0 = Debug|Any CPU
		{6E47446A-092E-430D-9C78-BC66725BC989}.Debug|x86.ActiveCfg = Debug|Any CPU
		{6E47446A-092E-430D-9C78-BC66725BC989}.Debug|x86.Build.0 = Debug|Any CPU
		{6E47446A-092E-430D-9C78-BC66725BC989}.Release|Any CPU.ActiveCfg = Release|Any CPU
		{6E47446A-092E-430D-9C78-BC66725BC989}.Release|Any CPU.Build.0 = Release|Any CPU
		{6E47446A-092E-430D-9C78-BC66725BC989}.Release|x64.ActiveCfg = Release|Any CPU
		{6E47446A-092E-430D-9C78-BC66725BC989}.Release|x64.Build.0 = Release|Any CPU
		{6E47446A-092E-430D-9C78-BC66725BC989}.Release|x86.ActiveCfg = Release|Any CPU
		{6E47446A-092E-430D-9C78-BC66725BC989}.Release|x86.Build.0 = Release|Any CPU
		{D7641D30-E511-4971-B689-0358CD663C5E}.Debug|Any CPU.ActiveCfg = Debug|Any CPU
		{D7641D30-E511-4971-B689-0358CD663C5E}.Debug|Any CPU.Build.0 = Debug|Any CPU
		{D7641D30-E511-4971-B689-0358CD663C5E}.Debug|x64.ActiveCfg = Debug|Any CPU
		{D7641D30-E511-4971-B689-0358CD663C5E}.Debug|x64.Build.0 = Debug|Any CPU
		{D7641D30-E511-4971-B689-0358CD663C5E}.Debug|x86.ActiveCfg = Debug|Any CPU
		{D7641D30-E511-4971-B689-0358CD663C5E}.Debug|x86.Build.0 = Debug|Any CPU
		{D7641D30-E511-4971-B689-0358CD663C5E}.Release|Any CPU.ActiveCfg = Release|Any CPU
		{D7641D30-E511-4971-B689-0358CD663C5E}.Release|Any CPU.Build.0 = Release|Any CPU
		{D7641D30-E511-4971-B689-0358CD663C5E}.Release|x64.ActiveCfg = Release|Any CPU
		{D7641D30-E511-4971-B689-0358CD663C5E}.Release|x64.Build.0 = Release|Any CPU
		{D7641D30-E511-4971-B689-0358CD663C5E}.Release|x86.ActiveCfg = Release|Any CPU
		{D7641D30-E511-4971-B689-0358CD663C5E}.Release|x86.Build.0 = Release|Any CPU
		{E2DCD879-5005-4BE9-A9E5-190342EE51FE}.Debug|Any CPU.ActiveCfg = Debug|Any CPU
		{E2DCD879-5005-4BE9-A9E5-190342EE51FE}.Debug|Any CPU.Build.0 = Debug|Any CPU
		{E2DCD879-5005-4BE9-A9E5-190342EE51FE}.Debug|x64.ActiveCfg = Debug|Any CPU
		{E2DCD879-5005-4BE9-A9E5-190342EE51FE}.Debug|x64.Build.0 = Debug|Any CPU
		{E2DCD879-5005-4BE9-A9E5-190342EE51FE}.Debug|x86.ActiveCfg = Debug|Any CPU
		{E2DCD879-5005-4BE9-A9E5-190342EE51FE}.Debug|x86.Build.0 = Debug|Any CPU
		{E2DCD879-5005-4BE9-A9E5-190342EE51FE}.Release|Any CPU.ActiveCfg = Release|Any CPU
		{E2DCD879-5005-4BE9-A9E5-190342EE51FE}.Release|Any CPU.Build.0 = Release|Any CPU
		{E2DCD879-5005-4BE9-A9E5-190342EE51FE}.Release|x64.ActiveCfg = Release|Any CPU
		{E2DCD879-5005-4BE9-A9E5-190342EE51FE}.Release|x64.Build.0 = Release|Any CPU
		{E2DCD879-5005-4BE9-A9E5-190342EE51FE}.Release|x86.ActiveCfg = Release|Any CPU
		{E2DCD879-5005-4BE9-A9E5-190342EE51FE}.Release|x86.Build.0 = Release|Any CPU
	EndGlobalSection
	GlobalSection(SolutionProperties) = preSolution
		HideSolutionNode = FALSE
	EndGlobalSection
	GlobalSection(NestedProjects) = preSolution
		{FADDA2D1-03B4-4DEF-8D24-DD1CA4E81F4A} = {8537E50E-CF7F-49CB-B4EF-3E2A1B11F050}
		{E1D99AD4-D88B-42BA-86DF-90B98B2E9A01} = {ED612DB1-AB32-4603-95E7-891BACA71C39}
		{05A7D0B7-4AE1-4BC8-A1BE-2389F1593B2D} = {ED612DB1-AB32-4603-95E7-891BACA71C39}
		{B78A7825-BE72-4509-B0AD-01EEC67A9624} = {ED612DB1-AB32-4603-95E7-891BACA71C39}
		{77F0608F-6D0C-481C-9108-D5176E2EAD69} = {8537E50E-CF7F-49CB-B4EF-3E2A1B11F050}
		{D7106D61-C7CA-4005-B31F-43281BB397AD} = {8537E50E-CF7F-49CB-B4EF-3E2A1B11F050}
		{696E21B6-11C3-4827-B58B-A6750D64C260} = {E9798C0D-9272-4906-BAA2-3BEC26305F10}
		{3EF48667-5B03-4E54-9E50-068BCB8B94F9} = {E9798C0D-9272-4906-BAA2-3BEC26305F10}
		{B2820E88-59F3-4428-A434-9142DDDF9025} = {E9798C0D-9272-4906-BAA2-3BEC26305F10}
		{978B9A5A-D85F-4697-BD52-BCCAE407C8D3} = {E9798C0D-9272-4906-BAA2-3BEC26305F10}
		{01186F92-116A-41CA-8C68-AF4EC72A3481} = {E9798C0D-9272-4906-BAA2-3BEC26305F10}
		{6E47446A-092E-430D-9C78-BC66725BC989} = {E9798C0D-9272-4906-BAA2-3BEC26305F10}
		{D7641D30-E511-4971-B689-0358CD663C5E} = {305ABA0D-802D-459A-AF09-E774BFAE8F7B}
		{E2DCD879-5005-4BE9-A9E5-190342EE51FE} = {305ABA0D-802D-459A-AF09-E774BFAE8F7B}
	EndGlobalSection
	GlobalSection(ExtensibilityGlobals) = postSolution
		SolutionGuid = {F4EAAE6D-758C-4184-9D8C-7113384B61A8}
	EndGlobalSection
	GlobalSection(MonoDevelopProperties) = preSolution
		StartupItem = Npgsql.csproj
	EndGlobalSection
EndGlobal
